{
  "name": "leaflet-routing-machine",
  "version": "3.2.12",
  "lockfileVersion": 1,
  "requires": true,
  "dependencies": {
    "@googlemaps/polyline-codec": {
      "version": "1.0.1",
      "resolved": "https://registry.npmjs.org/@googlemaps/polyline-codec/-/polyline-codec-1.0.1.tgz",
      "integrity": "sha512-yejy2ebQkX7vPVmbKiU2E8Pz3PuvPS9yC6Kh2IrlcOgY51vsvT6N7d1LF59FB9ATlqrrNuOTIaoTS56YvUA5OA=="
    },
    "@types/geojson": {
      "version": "7946.0.8",
      "resolved": "https://registry.npmjs.org/@types/geojson/-/geojson-7946.0.8.tgz",
      "integrity": "sha512-1rkryxURpr6aWP7R786/UQOkJ3PcpQiWkAXBmdWc7ryFWqN6a4xfK7BtjXvFBKO9LjQ+MWQSWxYeZX1OApnArA==",
      "dev": true
    },
    "@types/leaflet": {
      "version": "1.7.4",
      "resolved": "https://registry.npmjs.org/@types/leaflet/-/leaflet-1.7.4.tgz",
      "integrity": "sha512-a3qYlMwJ62+WRoiDmYODUD4KywA14jP2XohAkAWtELGuMAD3MohZa/MmIvQDqF52xNI9OYaY8BMsL+9z7yf2HQ==",
      "dev": true,
      "requires": {
        "@types/geojson": "*"
      }
    },
    "esbuild": {
      "version": "0.12.22",
      "resolved": "https://registry.npmjs.org/esbuild/-/esbuild-0.12.22.tgz",
      "integrity": "sha512-yWCr9RoFehpqoe/+MwZXJpYOEIt7KOEvNnjIeMZpMSyQt+KCBASM3y7yViiN5dJRphf1wGdUz1+M4rTtWd/ulA==",
      "dev": true
    },
    "leaflet": {
      "version": "1.7.1",
      "resolved": "https://registry.npmjs.org/leaflet/-/leaflet-1.7.1.tgz",
      "integrity": "sha512-/xwPEBidtg69Q3HlqPdU3DnrXQOvQU/CCHA1tcDQVzOwm91YMYaILjNp7L4Eaw5Z4sOYdbBz6koWyibppd8Zqw=="
    },
    "leaflet-control-geocoder": {
      "version": "2.3.0",
      "resolved": "https://registry.npmjs.org/leaflet-control-geocoder/-/leaflet-control-geocoder-2.3.0.tgz",
      "integrity": "sha512-Zi5cebDsfAq6B0ZilDGn/W5oNM8pQu6cltEHBxfR56XnN3f/Lmez1+qrdyRY6oTlP740caBHHCmd35Z/eif7/w==",
      "requires": {
        "open-location-code": "^1.0.0"
      }
    },
    "open-location-code": {
      "version": "1.0.3",
      "resolved": "https://registry.npmjs.org/open-location-code/-/open-location-code-1.0.3.tgz",
      "integrity": "sha1-XqGjTuUiHGyvoEOS4b2Qb9dIj34=",
      "optional": true
    },
    "osrm-text-instructions": {
      "version": "0.13.2",
      "resolved": "https://registry.npmjs.org/osrm-text-instructions/-/osrm-text-instructions-0.13.2.tgz",
      "integrity": "sha512-J6DJp0P7bB6/F8U8GBdIL8S+igMkRLgBP6e4pQ2NP8syMh+sREz4zCK79jV7XajtsS54Grl93y0my6OUp68cMg=="
    },
    "typescript": {
      "version": "4.4.2",
      "resolved": "https://registry.npmjs.org/typescript/-/typescript-4.4.2.tgz",
      "integrity": "sha512-gzP+t5W4hdy4c+68bfcv0t400HVJMMd2+H9B7gae1nQlBzCqvrXX+6GL/b3GAgyTH966pzrZ70/fRjwAtZksSQ==",
      "dev": true
    }
  }
}
